{
  "name": "asp.net-demo",
  "version": "1.0.0",
  "lockfileVersion": 3,
  "requires": true,
  "packages": {
    "": {
      "name": "asp.net-demo",
      "version": "1.0.0",
      "license": "ISC",
      "dependencies": {
        "@x-govuk/govuk-prototype-components": "^3.0.9"
      }
    },
    "node_modules/@x-govuk/govuk-prototype-components": {
      "version": "3.0.9",
      "resolved": "https://registry.npmjs.org/@x-govuk/govuk-prototype-components/-/govuk-prototype-components-3.0.9.tgz",
      "integrity": "sha512-SvYSaeM465IEKZFRLO244FAZqP0GPyoWkq6m5LNIsfudYFAyd16BRQBQktY9t/TUOx1HRpGJJi2WZeqyVKRxkw==",
      "license": "MIT",
      "dependencies": {
        "accessible-autocomplete": "^3.0.0",
        "eventslibjs": "^1.2.0"
      },
      "engines": {
        "node": ">=18"
      },
      "peerDependencies": {
        "govuk-frontend": "^5.0.0"
      }
    },
    "node_modules/accessible-autocomplete": {
      "version": "3.0.1",
      "resolved": "https://registry.npmjs.org/accessible-autocomplete/-/accessible-autocomplete-3.0.1.tgz",
      "integrity": "sha512-xMshgc2LT5addvvfCTGzIkRrvhbOFeylFSnSMfS/PdjvvvElZkakCwxO3/yJYBWyi1hi3tZloqOJQ5kqqJtH4g==",
      "license": "MIT",
      "peerDependencies": {
        "preact": "^8.0.0"
      },
      "peerDependenciesMeta": {
        "preact": {
          "optional": true
        }
      }
    },
    "node_modules/eventslibjs": {
      "version": "1.2.0",
      "resolved": "https://registry.npmjs.org/eventslibjs/-/eventslibjs-1.2.0.tgz",
      "integrity": "sha512-nui7FHXHeeZjWkQ1dZ4R3RchkT+164+y1/puiOY1Zc3CPU9W8XzAzdhqvuVQ4EJt7F/W94O5U26/oVFpBOPY3w==",
      "license": "MIT"
    },
    "node_modules/govuk-frontend": {
      "version": "5.7.1",
      "resolved": "https://registry.npmjs.org/govuk-frontend/-/govuk-frontend-5.7.1.tgz",
      "integrity": "sha512-jF1cq5rn57kxZmJRprUZhTQ31zaBBK4b5AyeJaPX3Yhg22lk90Mx/dQLvOk/ycV3wM7e0y+s4IPvb2fFaPlCGg==",
      "license": "MIT",
      "peer": true,
      "engines": {
        "node": ">= 4.2.0"
      }
    }
  }
}
